
Microsoft Visual Studio Solution File, Format Version 12.00
# Visual Studio Version 17
VisualStudioVersion = 17.4.33122.133
MinimumVisualStudioVersion = 10.0.40219.1
Project("{FAE04EC0-301F-11D3-BF4B-00C04F79EFBC}") = "LearnersDetails", "LearnersDetails.csproj", "{979A9B78-D157-4A83-9DA3-DF75DE5EE796}"
EndProject
Global
	GlobalSection(SolutionConfigurationPlatforms) = preSolution
		Debug|Any CPU = Debug|Any CPU
		Release|Any CPU = Release|Any CPU
	EndGlobalSection
	GlobalSection(ProjectConfigurationPlatforms) = postSolution
		{979A9B78-D157-4A83-9DA3-DF75DE5EE796}.Debug|Any CPU.ActiveCfg = Debug|Any CPU
		{979A9B78-D157-4A83-9DA3-DF75DE5EE796}.Debug|Any CPU.Build.0 = Debug|Any CPU
		{979A9B78-D157-4A83-9DA3-DF75DE5EE796}.Release|Any CPU.ActiveCfg = Release|Any CPU
		{979A9B78-D157-4A83-9DA3-DF75DE5EE796}.Release|Any CPU.Build.0 = Release|Any CPU
	EndGlobalSection
	GlobalSection(SolutionProperties) = preSolution
		HideSolutionNode = FALSE
	EndGlobalSection
	GlobalSection(ExtensibilityGlobals) = postSolution
		SolutionGuid = {A66ABE82-E824-4358-9016-3F9498BA90A1}
	EndGlobalSection
EndGlobal
